
Microsoft Visual Studio Solution File, Format Version 12.00
# Visual Studio Version 17
VisualStudioVersion = 17.3.32819.101
MinimumVisualStudioVersion = 10.0.40219.1
Project("{2150E333-8FDC-42A3-9474-1A3956D46DE8}") = "src", "src", "{9BC8015D-E3B1-4ABF-9B86-4B898117E94C}"
EndProject
Project("{2150E333-8FDC-42A3-9474-1A3956D46DE8}") = "tests", "tests", "{307BEDE6-BB48-4F6E-BE50-D72661D9AF64}"
EndProject
Project("{9A19103F-16F7-4668-BE54-9A1E7A4F7556}") = "LeaveManagement.Web", "src\LeaveManagement.Web\LeaveManagement.Web.csproj", "{C0A14C43-10C7-4D7B-8F73-77EAC1ECA437}"
EndProject
Project("{2150E333-8FDC-42A3-9474-1A3956D46DE8}") = "Solution Items", "Solution Items", "{2EF9F829-265D-4999-881C-E1AFD707AAE2}"
	ProjectSection(SolutionItems) = preProject
		dev_notes.txt = dev_notes.txt
		README.md = README.md
	EndProjectSection
EndProject
Global
	GlobalSection(SolutionConfigurationPlatforms) = preSolution
		Debug|Any CPU = Debug|Any CPU
		Release|Any CPU = Release|Any CPU
	EndGlobalSection
	GlobalSection(ProjectConfigurationPlatforms) = postSolution
		{C0A14C43-10C7-4D7B-8F73-77EAC1ECA437}.Debug|Any CPU.ActiveCfg = Debug|Any CPU
		{C0A14C43-10C7-4D7B-8F73-77EAC1ECA437}.Debug|Any CPU.Build.0 = Debug|Any CPU
		{C0A14C43-10C7-4D7B-8F73-77EAC1ECA437}.Release|Any CPU.ActiveCfg = Release|Any CPU
		{C0A14C43-10C7-4D7B-8F73-77EAC1ECA437}.Release|Any CPU.Build.0 = Release|Any CPU
	EndGlobalSection
	GlobalSection(SolutionProperties) = preSolution
		HideSolutionNode = FALSE
	EndGlobalSection
	GlobalSection(NestedProjects) = preSolution
		{C0A14C43-10C7-4D7B-8F73-77EAC1ECA437} = {9BC8015D-E3B1-4ABF-9B86-4B898117E94C}
	EndGlobalSection
	GlobalSection(ExtensibilityGlobals) = postSolution
		SolutionGuid = {D798EF0E-FC8D-4F34-873A-BE550F650317}
	EndGlobalSection
EndGlobal
